
Microsoft Visual Studio Solution File, Format Version 12.00
Project("{FAE04EC0-301F-11D3-BF4B-00C04F79EFBC}") = "WebApp", "WebApp\WebApp.csproj", "{2EDBEA29-3B2B-461F-83E5-DF0886EB8253}"
EndProject
Project("{FAE04EC0-301F-11D3-BF4B-00C04F79EFBC}") = "Infrastructure", "Infrastructure\Infrastructure.csproj", "{89734866-6B69-4A79-8E18-D5840C545882}"
EndProject
Project("{FAE04EC0-301F-11D3-BF4B-00C04F79EFBC}") = "PredictiveApp", "PredictiveApp\PredictiveApp.csproj", "{FFAAE605-4B31-4CB9-8C58-5A9EE2A32453}"
EndProject
Project("{FAE04EC0-301F-11D3-BF4B-00C04F79EFBC}") = "Adapter", "Adapter\Adapter.csproj", "{DCBDCC19-8511-4B5A-93E3-07A9BE4C20B2}"
EndProject
Global
	GlobalSection(SolutionConfigurationPlatforms) = preSolution
		Debug|Any CPU = Debug|Any CPU
		Release|Any CPU = Release|Any CPU
	EndGlobalSection
	GlobalSection(ProjectConfigurationPlatforms) = postSolution
		{2EDBEA29-3B2B-461F-83E5-DF0886EB8253}.Debug|Any CPU.ActiveCfg = Debug|Any CPU
		{2EDBEA29-3B2B-461F-83E5-DF0886EB8253}.Debug|Any CPU.Build.0 = Debug|Any CPU
		{2EDBEA29-3B2B-461F-83E5-DF0886EB8253}.Release|Any CPU.ActiveCfg = Release|Any CPU
		{2EDBEA29-3B2B-461F-83E5-DF0886EB8253}.Release|Any CPU.Build.0 = Release|Any CPU
		{89734866-6B69-4A79-8E18-D5840C545882}.Debug|Any CPU.ActiveCfg = Debug|Any CPU
		{89734866-6B69-4A79-8E18-D5840C545882}.Debug|Any CPU.Build.0 = Debug|Any CPU
		{89734866-6B69-4A79-8E18-D5840C545882}.Release|Any CPU.ActiveCfg = Release|Any CPU
		{89734866-6B69-4A79-8E18-D5840C545882}.Release|Any CPU.Build.0 = Release|Any CPU
		{FFAAE605-4B31-4CB9-8C58-5A9EE2A32453}.Debug|Any CPU.ActiveCfg = Debug|Any CPU
		{FFAAE605-4B31-4CB9-8C58-5A9EE2A32453}.Debug|Any CPU.Build.0 = Debug|Any CPU
		{FFAAE605-4B31-4CB9-8C58-5A9EE2A32453}.Release|Any CPU.ActiveCfg = Release|Any CPU
		{FFAAE605-4B31-4CB9-8C58-5A9EE2A32453}.Release|Any CPU.Build.0 = Release|Any CPU
		{DCBDCC19-8511-4B5A-93E3-07A9BE4C20B2}.Debug|Any CPU.ActiveCfg = Debug|Any CPU
		{DCBDCC19-8511-4B5A-93E3-07A9BE4C20B2}.Debug|Any CPU.Build.0 = Debug|Any CPU
		{DCBDCC19-8511-4B5A-93E3-07A9BE4C20B2}.Release|Any CPU.ActiveCfg = Release|Any CPU
		{DCBDCC19-8511-4B5A-93E3-07A9BE4C20B2}.Release|Any CPU.Build.0 = Release|Any CPU
	EndGlobalSection
EndGlobal
