
Microsoft Visual Studio Solution File, Format Version 12.00
Project("{FAE04EC0-301F-11D3-BF4B-00C04F79EFBC}") = "WebApp", "WebApp\WebApp.csproj", "{2EDBEA29-3B2B-461F-83E5-DF0886EB8253}"
EndProject
Project("{FAE04EC0-301F-11D3-BF4B-00C04F79EFBC}") = "PredictorApp", "PredictorApp\PredictorApp.csproj", "{3DA0F74B-0CA9-4483-84F0-6A4A9633653B}"
EndProject
Global
	GlobalSection(SolutionConfigurationPlatforms) = preSolution
		Debug|Any CPU = Debug|Any CPU
		Release|Any CPU = Release|Any CPU
	EndGlobalSection
	GlobalSection(ProjectConfigurationPlatforms) = postSolution
		{2EDBEA29-3B2B-461F-83E5-DF0886EB8253}.Debug|Any CPU.ActiveCfg = Debug|Any CPU
		{2EDBEA29-3B2B-461F-83E5-DF0886EB8253}.Debug|Any CPU.Build.0 = Debug|Any CPU
		{2EDBEA29-3B2B-461F-83E5-DF0886EB8253}.Release|Any CPU.ActiveCfg = Release|Any CPU
		{2EDBEA29-3B2B-461F-83E5-DF0886EB8253}.Release|Any CPU.Build.0 = Release|Any CPU
		{3DA0F74B-0CA9-4483-84F0-6A4A9633653B}.Debug|Any CPU.ActiveCfg = Debug|Any CPU
		{3DA0F74B-0CA9-4483-84F0-6A4A9633653B}.Debug|Any CPU.Build.0 = Debug|Any CPU
		{3DA0F74B-0CA9-4483-84F0-6A4A9633653B}.Release|Any CPU.ActiveCfg = Release|Any CPU
		{3DA0F74B-0CA9-4483-84F0-6A4A9633653B}.Release|Any CPU.Build.0 = Release|Any CPU
	EndGlobalSection
EndGlobal
